
Microsoft Visual Studio Solution File, Format Version 12.00
# Visual Studio Version 16
VisualStudioVersion = 16.0.29025.244
MinimumVisualStudioVersion = 10.0.40219.1
Project("{FAE04EC0-301F-11D3-BF4B-00C04F79EFBC}") = "TextPrediction", "TextPrediction\TextPrediction.csproj", "{5BDFF7D4-B3AD-4DDD-AAE4-2C81F018BC19}"
EndProject
Global
	GlobalSection(SolutionConfigurationPlatforms) = preSolution
		Debug|Any CPU = Debug|Any CPU
		Release|Any CPU = Release|Any CPU
	EndGlobalSection
	GlobalSection(ProjectConfigurationPlatforms) = postSolution
		{5BDFF7D4-B3AD-4DDD-AAE4-2C81F018BC19}.Debug|Any CPU.ActiveCfg = Debug|Any CPU
		{5BDFF7D4-B3AD-4DDD-AAE4-2C81F018BC19}.Debug|Any CPU.Build.0 = Debug|Any CPU
		{5BDFF7D4-B3AD-4DDD-AAE4-2C81F018BC19}.Release|Any CPU.ActiveCfg = Release|Any CPU
		{5BDFF7D4-B3AD-4DDD-AAE4-2C81F018BC19}.Release|Any CPU.Build.0 = Release|Any CPU
	EndGlobalSection
	GlobalSection(SolutionProperties) = preSolution
		HideSolutionNode = FALSE
	EndGlobalSection
	GlobalSection(ExtensibilityGlobals) = postSolution
		SolutionGuid = {4ACFA63F-7264-469F-AEA1-D44455C42FD2}
	EndGlobalSection
EndGlobal
